
Microsoft Visual Studio Solution File, Format Version 10.00
# Visual Studio 2008
Project("{8BC9CEB8-8B4A-11D0-8D11-00A0C91BC942}") = "SekaijuRes", "SekaijuRes.vcproj", "{8F0E49B9-84C5-4CEC-8100-D639B6251C8A}"
EndProject
Global
	GlobalSection(SolutionConfigurationPlatforms) = preSolution
		Chs|Win32 = Chs|Win32
		Enu|Win32 = Enu|Win32
		Jpn|Win32 = Jpn|Win32
	EndGlobalSection
	GlobalSection(ProjectConfigurationPlatforms) = postSolution
		{8F0E49B9-84C5-4CEC-8100-D639B6251C8A}.Chs|Win32.ActiveCfg = Chs|Win32
		{8F0E49B9-84C5-4CEC-8100-D639B6251C8A}.Chs|Win32.Build.0 = Chs|Win32
		{8F0E49B9-84C5-4CEC-8100-D639B6251C8A}.Enu|Win32.ActiveCfg = Enu|Win32
		{8F0E49B9-84C5-4CEC-8100-D639B6251C8A}.Enu|Win32.Build.0 = Enu|Win32
		{8F0E49B9-84C5-4CEC-8100-D639B6251C8A}.Jpn|Win32.ActiveCfg = Jpn|Win32
		{8F0E49B9-84C5-4CEC-8100-D639B6251C8A}.Jpn|Win32.Build.0 = Jpn|Win32
	EndGlobalSection
	GlobalSection(SolutionProperties) = preSolution
		HideSolutionNode = FALSE
	EndGlobalSection
EndGlobal
